
Microsoft Visual Studio Solution File, Format Version 12.00
# Visual Studio Version 17
VisualStudioVersion = 17.14.36221.1
MinimumVisualStudioVersion = 10.0.40219.1
Project("{FAE04EC0-301F-11D3-BF4B-00C04F79EFBC}") = "Yatzy", "Yatzy.csproj", "{16073EA8-E7C1-4A8A-9255-0788D30E572E}"
EndProject
Project("{FAE04EC0-301F-11D3-BF4B-00C04F79EFBC}") = "YatzyUnitTest", "..\YatzyUnitTest\YatzyUnitTest.csproj", "{27C9E8D8-C3BF-4A34-8877-74D1709C78ED}"
	ProjectSection(ProjectDependencies) = postProject
		{16073EA8-E7C1-4A8A-9255-0788D30E572E} = {16073EA8-E7C1-4A8A-9255-0788D30E572E}
	EndProjectSection
EndProject
Global
	GlobalSection(SolutionConfigurationPlatforms) = preSolution
		Debug|Any CPU = Debug|Any CPU
		Release|Any CPU = Release|Any CPU
	EndGlobalSection
	GlobalSection(ProjectConfigurationPlatforms) = postSolution
		{16073EA8-E7C1-4A8A-9255-0788D30E572E}.Debug|Any CPU.ActiveCfg = Debug|Any CPU
		{16073EA8-E7C1-4A8A-9255-0788D30E572E}.Debug|Any CPU.Build.0 = Debug|Any CPU
		{16073EA8-E7C1-4A8A-9255-0788D30E572E}.Release|Any CPU.ActiveCfg = Release|Any CPU
		{16073EA8-E7C1-4A8A-9255-0788D30E572E}.Release|Any CPU.Build.0 = Release|Any CPU
		{27C9E8D8-C3BF-4A34-8877-74D1709C78ED}.Debug|Any CPU.ActiveCfg = Debug|Any CPU
		{27C9E8D8-C3BF-4A34-8877-74D1709C78ED}.Debug|Any CPU.Build.0 = Debug|Any CPU
		{27C9E8D8-C3BF-4A34-8877-74D1709C78ED}.Release|Any CPU.ActiveCfg = Release|Any CPU
		{27C9E8D8-C3BF-4A34-8877-74D1709C78ED}.Release|Any CPU.Build.0 = Release|Any CPU
	EndGlobalSection
	GlobalSection(SolutionProperties) = preSolution
		HideSolutionNode = FALSE
	EndGlobalSection
	GlobalSection(ExtensibilityGlobals) = postSolution
		SolutionGuid = {7A993804-EB53-4DA9-A2D2-85BC35AA1CBE}
	EndGlobalSection
EndGlobal
